
Microsoft Visual Studio Solution File, Format Version 12.00
# Visual Studio Version 17
VisualStudioVersion = 17.5.002.0
MinimumVisualStudioVersion = 10.0.40219.1
Project("{9A19103F-16F7-4668-BE54-9A1E7A4F7556}") = "BACK-END", "BACK-END.csproj", "{9A63523D-C8DC-4082-8452-A0CEAAD59696}"
EndProject
Global
	GlobalSection(SolutionConfigurationPlatforms) = preSolution
		Debug|Any CPU = Debug|Any CPU
		Release|Any CPU = Release|Any CPU
	EndGlobalSection
	GlobalSection(ProjectConfigurationPlatforms) = postSolution
		{9A63523D-C8DC-4082-8452-A0CEAAD59696}.Debug|Any CPU.ActiveCfg = Debug|Any CPU
		{9A63523D-C8DC-4082-8452-A0CEAAD59696}.Debug|Any CPU.Build.0 = Debug|Any CPU
		{9A63523D-C8DC-4082-8452-A0CEAAD59696}.Release|Any CPU.ActiveCfg = Release|Any CPU
		{9A63523D-C8DC-4082-8452-A0CEAAD59696}.Release|Any CPU.Build.0 = Release|Any CPU
	EndGlobalSection
	GlobalSection(SolutionProperties) = preSolution
		HideSolutionNode = FALSE
	EndGlobalSection
	GlobalSection(ExtensibilityGlobals) = postSolution
		SolutionGuid = {5B34D667-E82E-4DAD-8D56-86A6727FE847}
	EndGlobalSection
EndGlobal
